
Microsoft Visual Studio Solution File, Format Version 12.00
# Visual Studio Version 16
VisualStudioVersion = 16.0.29123.88
MinimumVisualStudioVersion = 15.0.26124.0
Project("{9A19103F-16F7-4668-BE54-9A1E7A4F7556}") = "IronVelocity", "src\IronVelocity.csproj", "{B96450D2-B4D1-41EB-A2AC-80E32EDC076D}"
EndProject
Project("{9A19103F-16F7-4668-BE54-9A1E7A4F7556}") = "IronVelocity.Tests", "test\IronVelocity\IronVelocity.Tests.csproj", "{DD3B852A-C15B-4869-B7EF-0B2FC50EC884}"
EndProject
Project("{9A19103F-16F7-4668-BE54-9A1E7A4F7556}") = "IronVelocity.PerfPlayground", "test\PerfPlayground\IronVelocity.PerfPlayground.csproj", "{A271FD96-FBA9-4B40-AEB6-33609F92637C}"
EndProject
Project("{2150E333-8FDC-42A3-9474-1A3956D46DE8}") = "src", "src", "{76E69A2A-F3F8-4E90-A400-29F0432157D4}"
EndProject
Project("{2150E333-8FDC-42A3-9474-1A3956D46DE8}") = "test", "test", "{CA4AD3DB-8EE3-4395-8ECA-B26AE418EFFE}"
EndProject
Global
	GlobalSection(SolutionConfigurationPlatforms) = preSolution
		Debug|Any CPU = Debug|Any CPU
		Debug|x64 = Debug|x64
		Debug|x86 = Debug|x86
		Release|Any CPU = Release|Any CPU
		Release|x64 = Release|x64
		Release|x86 = Release|x86
	EndGlobalSection
	GlobalSection(ProjectConfigurationPlatforms) = postSolution
		{B96450D2-B4D1-41EB-A2AC-80E32EDC076D}.Debug|Any CPU.ActiveCfg = Debug|Any CPU
		{B96450D2-B4D1-41EB-A2AC-80E32EDC076D}.Debug|Any CPU.Build.0 = Debug|Any CPU
		{B96450D2-B4D1-41EB-A2AC-80E32EDC076D}.Debug|x64.ActiveCfg = Debug|Any CPU
		{B96450D2-B4D1-41EB-A2AC-80E32EDC076D}.Debug|x64.Build.0 = Debug|Any CPU
		{B96450D2-B4D1-41EB-A2AC-80E32EDC076D}.Debug|x86.ActiveCfg = Debug|Any CPU
		{B96450D2-B4D1-41EB-A2AC-80E32EDC076D}.Debug|x86.Build.0 = Debug|Any CPU
		{B96450D2-B4D1-41EB-A2AC-80E32EDC076D}.Release|Any CPU.ActiveCfg = Release|Any CPU
		{B96450D2-B4D1-41EB-A2AC-80E32EDC076D}.Release|Any CPU.Build.0 = Release|Any CPU
		{B96450D2-B4D1-41EB-A2AC-80E32EDC076D}.Release|x64.ActiveCfg = Release|Any CPU
		{B96450D2-B4D1-41EB-A2AC-80E32EDC076D}.Release|x64.Build.0 = Release|Any CPU
		{B96450D2-B4D1-41EB-A2AC-80E32EDC076D}.Release|x86.ActiveCfg = Release|Any CPU
		{B96450D2-B4D1-41EB-A2AC-80E32EDC076D}.Release|x86.Build.0 = Release|Any CPU
		{DD3B852A-C15B-4869-B7EF-0B2FC50EC884}.Debug|Any CPU.ActiveCfg = Debug|Any CPU
		{DD3B852A-C15B-4869-B7EF-0B2FC50EC884}.Debug|Any CPU.Build.0 = Debug|Any CPU
		{DD3B852A-C15B-4869-B7EF-0B2FC50EC884}.Debug|x64.ActiveCfg = Debug|Any CPU
		{DD3B852A-C15B-4869-B7EF-0B2FC50EC884}.Debug|x64.Build.0 = Debug|Any CPU
		{DD3B852A-C15B-4869-B7EF-0B2FC50EC884}.Debug|x86.ActiveCfg = Debug|Any CPU
		{DD3B852A-C15B-4869-B7EF-0B2FC50EC884}.Debug|x86.Build.0 = Debug|Any CPU
		{DD3B852A-C15B-4869-B7EF-0B2FC50EC884}.Release|Any CPU.ActiveCfg = Release|Any CPU
		{DD3B852A-C15B-4869-B7EF-0B2FC50EC884}.Release|Any CPU.Build.0 = Release|Any CPU
		{DD3B852A-C15B-4869-B7EF-0B2FC50EC884}.Release|x64.ActiveCfg = Release|Any CPU
		{DD3B852A-C15B-4869-B7EF-0B2FC50EC884}.Release|x64.Build.0 = Release|Any CPU
		{DD3B852A-C15B-4869-B7EF-0B2FC50EC884}.Release|x86.ActiveCfg = Release|Any CPU
		{DD3B852A-C15B-4869-B7EF-0B2FC50EC884}.Release|x86.Build.0 = Release|Any CPU
		{A271FD96-FBA9-4B40-AEB6-33609F92637C}.Debug|Any CPU.ActiveCfg = Debug|Any CPU
		{A271FD96-FBA9-4B40-AEB6-33609F92637C}.Debug|Any CPU.Build.0 = Debug|Any CPU
		{A271FD96-FBA9-4B40-AEB6-33609F92637C}.Debug|x64.ActiveCfg = Debug|Any CPU
		{A271FD96-FBA9-4B40-AEB6-33609F92637C}.Debug|x64.Build.0 = Debug|Any CPU
		{A271FD96-FBA9-4B40-AEB6-33609F92637C}.Debug|x86.ActiveCfg = Debug|Any CPU
		{A271FD96-FBA9-4B40-AEB6-33609F92637C}.Debug|x86.Build.0 = Debug|Any CPU
		{A271FD96-FBA9-4B40-AEB6-33609F92637C}.Release|Any CPU.ActiveCfg = Release|Any CPU
		{A271FD96-FBA9-4B40-AEB6-33609F92637C}.Release|Any CPU.Build.0 = Release|Any CPU
		{A271FD96-FBA9-4B40-AEB6-33609F92637C}.Release|x64.ActiveCfg = Release|Any CPU
		{A271FD96-FBA9-4B40-AEB6-33609F92637C}.Release|x64.Build.0 = Release|Any CPU
		{A271FD96-FBA9-4B40-AEB6-33609F92637C}.Release|x86.ActiveCfg = Release|Any CPU
		{A271FD96-FBA9-4B40-AEB6-33609F92637C}.Release|x86.Build.0 = Release|Any CPU
	EndGlobalSection
	GlobalSection(SolutionProperties) = preSolution
		HideSolutionNode = FALSE
	EndGlobalSection
	GlobalSection(NestedProjects) = preSolution
		{B96450D2-B4D1-41EB-A2AC-80E32EDC076D} = {76E69A2A-F3F8-4E90-A400-29F0432157D4}
		{DD3B852A-C15B-4869-B7EF-0B2FC50EC884} = {CA4AD3DB-8EE3-4395-8ECA-B26AE418EFFE}
		{A271FD96-FBA9-4B40-AEB6-33609F92637C} = {CA4AD3DB-8EE3-4395-8ECA-B26AE418EFFE}
	EndGlobalSection
	GlobalSection(ExtensibilityGlobals) = postSolution
		SolutionGuid = {5511FC9F-A5D9-4A35-85D8-8D179857D282}
	EndGlobalSection
EndGlobal
