
Microsoft Visual Studio Solution File, Format Version 12.00
# Visual Studio 2013
VisualStudioVersion = 12.0.21005.1
MinimumVisualStudioVersion = 10.0.40219.1
Project("{FAE04EC0-301F-11D3-BF4B-00C04F79EFBC}") = "IronVelocity.Tests", "IronVelocity.Tests\IronVelocity.Tests.csproj", "{E12C6EAD-D5AF-4128-A1E5-59D0408028CD}"
EndProject
Project("{FAE04EC0-301F-11D3-BF4B-00C04F79EFBC}") = "IronVelocity", "IronVelocity\IronVelocity.csproj", "{726B0C17-F16B-4761-88DF-17EDABE5C534}"
EndProject
Project("{2150E333-8FDC-42A3-9474-1A3956D46DE8}") = ".nuget", ".nuget", "{7FEB209B-1DC1-4D13-BE69-727AB2F6CE5E}"
	ProjectSection(SolutionItems) = preProject
		.nuget\NuGet.Config = .nuget\NuGet.Config
		.nuget\NuGet.exe = .nuget\NuGet.exe
		.nuget\NuGet.targets = .nuget\NuGet.targets
	EndProjectSection
EndProject
Project("{FAE04EC0-301F-11D3-BF4B-00C04F79EFBC}") = "IronVelocity.VisualStudio", "IronVelocity.VisualStudio\IronVelocity.VisualStudio.csproj", "{59F1BC28-3EBA-46E6-97B2-7E85BC4EFE22}"
EndProject
Global
	GlobalSection(SolutionConfigurationPlatforms) = preSolution
		Debug|Any CPU = Debug|Any CPU
		Release|Any CPU = Release|Any CPU
	EndGlobalSection
	GlobalSection(ProjectConfigurationPlatforms) = postSolution
		{E12C6EAD-D5AF-4128-A1E5-59D0408028CD}.Debug|Any CPU.ActiveCfg = Debug|Any CPU
		{E12C6EAD-D5AF-4128-A1E5-59D0408028CD}.Debug|Any CPU.Build.0 = Debug|Any CPU
		{E12C6EAD-D5AF-4128-A1E5-59D0408028CD}.Release|Any CPU.ActiveCfg = Release|Any CPU
		{E12C6EAD-D5AF-4128-A1E5-59D0408028CD}.Release|Any CPU.Build.0 = Release|Any CPU
		{726B0C17-F16B-4761-88DF-17EDABE5C534}.Debug|Any CPU.ActiveCfg = Debug|Any CPU
		{726B0C17-F16B-4761-88DF-17EDABE5C534}.Debug|Any CPU.Build.0 = Debug|Any CPU
		{726B0C17-F16B-4761-88DF-17EDABE5C534}.Release|Any CPU.ActiveCfg = Release|Any CPU
		{726B0C17-F16B-4761-88DF-17EDABE5C534}.Release|Any CPU.Build.0 = Release|Any CPU
		{59F1BC28-3EBA-46E6-97B2-7E85BC4EFE22}.Debug|Any CPU.Build.0 = Debug|Any CPU
		{59F1BC28-3EBA-46E6-97B2-7E85BC4EFE22}.Release|Any CPU.ActiveCfg = Release|Any CPU
		{59F1BC28-3EBA-46E6-97B2-7E85BC4EFE22}.Release|Any CPU.Build.0 = Release|Any CPU
	GlobalSection(SolutionProperties) = preSolution
		HideSolutionNode = FALSE
	EndGlobalSection
	GlobalSection(ExtensibilityGlobals) = postSolution
		VisualSVNWorkingCopyRoot = .
	EndGlobalSection
EndGlobal
